// !$*UTF8*$!
{
	archiveVersion = 1;
	classes = {
	};
	objectVersion = 55;
	objects = {

/* Begin PBXBuildFile section */
		4DB2EAE2288B31E700C41CCE /* CalculateLogic.swift in Sources */ = {isa = PBXBuildFile; fileRef = 4DB2EAE1288B31E700C41CCE /* CalculateLogic.swift */; };
		4DDD92CF28899C42008DE81B /* AppDelegate.swift in Sources */ = {isa = PBXBuildFile; fileRef = 4DDD92CE28899C42008DE81B /* AppDelegate.swift */; };
		4DDD92D128899C42008DE81B /* SceneDelegate.swift in Sources */ = {isa = PBXBuildFile; fileRef = 4DDD92D028899C42008DE81B /* SceneDelegate.swift */; };
		4DDD92D328899C42008DE81B /* ViewController.swift in Sources */ = {isa = PBXBuildFile; fileRef = 4DDD92D228899C42008DE81B /* ViewController.swift */; };
		4DDD92D628899C42008DE81B /* Main.storyboard in Resources */ = {isa = PBXBuildFile; fileRef = 4DDD92D428899C42008DE81B /* Main.storyboard */; };
		4DDD92D828899C43008DE81B /* Assets.xcassets in Resources */ = {isa = PBXBuildFile; fileRef = 4DDD92D728899C43008DE81B /* Assets.xcassets */; };
		4DDD92DB28899C43008DE81B /* LaunchScreen.storyboard in Resources */ = {isa = PBXBuildFile; fileRef = 4DDD92D928899C43008DE81B /* LaunchScreen.storyboard */; };
/* End PBXBuildFile section */

/* Begin PBXFileReference section */
		4DB2EAE1288B31E700C41CCE /* CalculateLogic.swift */ = {isa = PBXFileReference; lastKnownFileType = sourcecode.swift; path = CalculateLogic.swift; sourceTree = "<group>"; };
		4DDD92CB28899C42008DE81B /* CalculatorProjectAdvanced.app */ = {isa = PBXFileReference; explicitFileType = wrapper.application; includeInIndex = 0; path = CalculatorProjectAdvanced.app; sourceTree = BUILT_PRODUCTS_DIR; };
		4DDD92CE28899C42008DE81B /* AppDelegate.swift */ = {isa = PBXFileReference; lastKnownFileType = sourcecode.swift; path = AppDelegate.swift; sourceTree = "<group>"; };
		4DDD92D028899C42008DE81B /* SceneDelegate.swift */ = {isa = PBXFileReference; lastKnownFileType = sourcecode.swift; path = SceneDelegate.swift; sourceTree = "<group>"; };
		4DDD92D228899C42008DE81B /* ViewController.swift */ = {isa = PBXFileReference; lastKnownFileType = sourcecode.swift; path = ViewController.swift; sourceTree = "<group>"; };
		4DDD92D528899C42008DE81B /* Base */ = {isa = PBXFileReference; lastKnownFileType = file.storyboard; name = Base; path = Base.lproj/Main.storyboard; sourceTree = "<group>"; };
		4DDD92D728899C43008DE81B /* Assets.xcassets */ = {isa = PBXFileReference; lastKnownFileType = folder.assetcatalog; path = Assets.xcassets; sourceTree = "<group>"; };
		4DDD92DA28899C43008DE81B /* Base */ = {isa = PBXFileReference; lastKnownFileType = file.storyboard; name = Base; path = Base.lproj/LaunchScreen.storyboard; sourceTree = "<group>"; };
		4DDD92DC28899C43008DE81B /* Info.plist */ = {isa = PBXFileReference; lastKnownFileType = text.plist.xml; path = Info.plist; sourceTree = "<group>"; };
/* End PBXFileReference section */

/* Begin PBXFrameworksBuildPhase section */
		4DDD92C828899C42008DE81B /* Frameworks */ = {
			isa = PBXFrameworksBuildPhase;
			buildActionMask = 2147483647;
			files = (
			);
			runOnlyForDeploymentPostprocessing = 0;
		};
/* End PBXFrameworksBuildPhase section */

/* Begin PBXGroup section */
		4D365F0628903C5F0077D532 /* Files */ = {
			isa = PBXGroup;
			children = (
				4DDD92D728899C43008DE81B /* Assets.xcassets */,
			);
			path = Files;
			sourceTree = "<group>";
		};
		4DB2EADE288B31AA00C41CCE /* Controller */ = {
			isa = PBXGroup;
			children = (
				4DDD92D228899C42008DE81B /* ViewController.swift */,
			);
			path = Controller;
			sourceTree = "<group>";
		};
		4DB2EADF288B31B900C41CCE /* Model */ = {
			isa = PBXGroup;
			children = (
				4DB2EAE1288B31E700C41CCE /* CalculateLogic.swift */,
			);
			path = Model;
			sourceTree = "<group>";
		};
		4DB2EAE0288B31C200C41CCE /* View */ = {
			isa = PBXGroup;
			children = (
				4DDD92D428899C42008DE81B /* Main.storyboard */,
			);
			path = View;
			sourceTree = "<group>";
		};
		4DDD92C228899C42008DE81B = {
			isa = PBXGroup;
			children = (
				4DDD92CD28899C42008DE81B /* CalculatorProjectAdvanced */,
				4DDD92CC28899C42008DE81B /* Products */,
			);
			sourceTree = "<group>";
		};
		4DDD92CC28899C42008DE81B /* Products */ = {
			isa = PBXGroup;
			children = (
				4DDD92CB28899C42008DE81B /* CalculatorProjectAdvanced.app */,
			);
			name = Products;
			sourceTree = "<group>";
		};
		4DDD92CD28899C42008DE81B /* CalculatorProjectAdvanced */ = {
			isa = PBXGroup;
			children = (
				4DDD92CE28899C42008DE81B /* AppDelegate.swift */,
				4DDD92D028899C42008DE81B /* SceneDelegate.swift */,
				4DB2EADF288B31B900C41CCE /* Model */,
				4DB2EAE0288B31C200C41CCE /* View */,
				4DB2EADE288B31AA00C41CCE /* Controller */,
				4D365F0628903C5F0077D532 /* Files */,
				4DDD92D928899C43008DE81B /* LaunchScreen.storyboard */,
				4DDD92DC28899C43008DE81B /* Info.plist */,
			);
			path = CalculatorProjectAdvanced;
			sourceTree = "<group>";
		};
/* End PBXGroup section */

/* Begin PBXNativeTarget section */
		4DDD92CA28899C42008DE81B /* CalculatorProjectAdvanced */ = {
			isa = PBXNativeTarget;
			buildConfigurationList = 4DDD92DF28899C43008DE81B /* Build configuration list for PBXNativeTarget "CalculatorProjectAdvanced" */;
			buildPhases = (
				4DDD92C728899C42008DE81B /* Sources */,
				4DDD92C828899C42008DE81B /* Frameworks */,
				4DDD92C928899C42008DE81B /* Resources */,
			);
			buildRules = (
			);
			dependencies = (
			);
			name = CalculatorProjectAdvanced;
			productName = CalculatorProjectAdvanced;
			productReference = 4DDD92CB28899C42008DE81B /* CalculatorProjectAdvanced.app */;
			productType = "com.apple.product-type.application";
		};
/* End PBXNativeTarget section */

/* Begin PBXProject section */
		4DDD92C328899C42008DE81B /* Project object */ = {
			isa = PBXProject;
			attributes = {
				BuildIndependentTargetsInParallel = 1;
				LastSwiftUpdateCheck = 1340;
				LastUpgradeCheck = 1340;
				TargetAttributes = {
					4DDD92CA28899C42008DE81B = {
						CreatedOnToolsVersion = 13.4.1;
					};
				};
			};
			buildConfigurationList = 4DDD92C628899C42008DE81B /* Build configuration list for PBXProject "CalculatorProjectAdvanced" */;
			compatibilityVersion = "Xcode 13.0";
			developmentRegion = en;
			hasScannedForEncodings = 0;
			knownRegions = (
				en,
				Base,
			);
			mainGroup = 4DDD92C228899C42008DE81B;
			productRefGroup = 4DDD92CC28899C42008DE81B /* Products */;
			projectDirPath = "";
			projectRoot = "";
			targets = (
				4DDD92CA28899C42008DE81B /* CalculatorProjectAdvanced */,
			);
		};
/* End PBXProject section */

/* Begin PBXResourcesBuildPhase section */
		4DDD92C928899C42008DE81B /* Resources */ = {
			isa = PBXResourcesBuildPhase;
			buildActionMask = 2147483647;
			files = (
				4DDD92DB28899C43008DE81B /* LaunchScreen.storyboard in Resources */,
				4DDD92D828899C43008DE81B /* Assets.xcassets in Resources */,
				4DDD92D628899C42008DE81B /* Main.storyboard in Resources */,
			);
			runOnlyForDeploymentPostprocessing = 0;
		};
/* End PBXResourcesBuildPhase section */

/* Begin PBXSourcesBuildPhase section */
		4DDD92C728899C42008DE81B /* Sources */ = {
			isa = PBXSourcesBuildPhase;
			buildActionMask = 2147483647;
			files = (
				4DDD92D328899C42008DE81B /* ViewController.swift in Sources */,
				4DDD92CF28899C42008DE81B /* AppDelegate.swift in Sources */,
				4DDD92D128899C42008DE81B /* SceneDelegate.swift in Sources */,
				4DB2EAE2288B31E700C41CCE /* CalculateLogic.swift in Sources */,
			);
			runOnlyForDeploymentPostprocessing = 0;
		};
/* End PBXSourcesBuildPhase section */

/* Begin PBXVariantGroup section */
		4DDD92D428899C42008DE81B /* Main.storyboard */ = {
			isa = PBXVariantGroup;
			children = (
				4DDD92D528899C42008DE81B /* Base */,
			);
			name = Main.storyboard;
			sourceTree = "<group>";
		};
		4DDD92D928899C43008DE81B /* LaunchScreen.storyboard */ = {
			isa = PBXVariantGroup;
			children = (
				4DDD92DA28899C43008DE81B /* Base */,
			);
			name = LaunchScreen.storyboard;
			sourceTree = "<group>";
		};
/* End PBXVariantGroup section */

/* Begin XCBuildConfiguration section */
		4DDD92DD28899C43008DE81B /* Debug */ = {
			isa = XCBuildConfiguration;
			buildSettings = {
				ALWAYS_SEARCH_USER_PATHS = NO;
				CLANG_ANALYZER_NONNULL = YES;
				CLANG_ANALYZER_NUMBER_OBJECT_CONVERSION = YES_AGGRESSIVE;
				CLANG_CXX_LANGUAGE_STANDARD = "gnu++17";
				CLANG_ENABLE_MODULES = YES;
				CLANG_ENABLE_OBJC_ARC = YES;
				CLANG_ENABLE_OBJC_WEAK = YES;
				CLANG_WARN_BLOCK_CAPTURE_AUTORELEASING = YES;
				CLANG_WARN_BOOL_CONVERSION = YES;
				CLANG_WARN_COMMA = YES;
				CLANG_WARN_CONSTANT_CONVERSION = YES;
				CLANG_WARN_DEPRECATED_OBJC_IMPLEMENTATIONS = YES;
				CLANG_WARN_DIRECT_OBJC_ISA_USAGE = YES_ERROR;
				CLANG_WARN_DOCUMENTATION_COMMENTS = YES;
				CLANG_WARN_EMPTY_BODY = YES;
				CLANG_WARN_ENUM_CONVERSION = YES;
				CLANG_WARN_INFINITE_RECURSION = YES;
				CLANG_WARN_INT_CONVERSION = YES;
				CLANG_WARN_NON_LITERAL_NULL_CONVERSION = YES;
				CLANG_WARN_OBJC_IMPLICIT_RETAIN_SELF = YES;
				CLANG_WARN_OBJC_LITERAL_CONVERSION = YES;
				CLANG_WARN_OBJC_ROOT_CLASS = YES_ERROR;
				CLANG_WARN_QUOTED_INCLUDE_IN_FRAMEWORK_HEADER = YES;
				CLANG_WARN_RANGE_LOOP_ANALYSIS = YES;
				CLANG_WARN_STRICT_PROTOTYPES = YES;
				CLANG_WARN_SUSPICIOUS_MOVE = YES;
				CLANG_WARN_UNGUARDED_AVAILABILITY = YES_AGGRESSIVE;
				CLANG_WARN_UNREACHABLE_CODE = YES;
				CLANG_WARN__DUPLICATE_METHOD_MATCH = YES;
				COPY_PHASE_STRIP = NO;
				DEBUG_INFORMATION_FORMAT = dwarf;
				ENABLE_STRICT_OBJC_MSGSEND = YES;
				ENABLE_TESTABILITY = YES;
				GCC_C_LANGUAGE_STANDARD = gnu11;
				GCC_DYNAMIC_NO_PIC = NO;
				GCC_NO_COMMON_BLOCKS = YES;
				GCC_OPTIMIZATION_LEVEL = 0;
				GCC_PREPROCESSOR_DEFINITIONS = (
					"DEBUG=1",
					"$(inherited)",
				);
				GCC_WARN_64_TO_32_BIT_CONVERSION = YES;
				GCC_WARN_ABOUT_RETURN_TYPE = YES_ERROR;
				GCC_WARN_UNDECLARED_SELECTOR = YES;
				GCC_WARN_UNINITIALIZED_AUTOS = YES_AGGRESSIVE;
				GCC_WARN_UNUSED_FUNCTION = YES;
				GCC_WARN_UNUSED_VARIABLE = YES;
				IPHONEOS_DEPLOYMENT_TARGET = 15.5;
				MTL_ENABLE_DEBUG_INFO = INCLUDE_SOURCE;
				MTL_FAST_MATH = YES;
				ONLY_ACTIVE_ARCH = YES;
				SDKROOT = iphoneos;
				SWIFT_ACTIVE_COMPILATION_CONDITIONS = DEBUG;
				SWIFT_OPTIMIZATION_LEVEL = "-Onone";
			};
			name = Debug;
		};
		4DDD92DE28899C43008DE81B /* Release */ = {
			isa = XCBuildConfiguration;
			buildSettings = {
				ALWAYS_SEARCH_USER_PATHS = NO;
				CLANG_ANALYZER_NONNULL = YES;
				CLANG_ANALYZER_NUMBER_OBJECT_CONVERSION = YES_AGGRESSIVE;
				CLANG_CXX_LANGUAGE_STANDARD = "gnu++17";
				CLANG_ENABLE_MODULES = YES;
				CLANG_ENABLE_OBJC_ARC = YES;
				CLANG_ENABLE_OBJC_WEAK = YES;
				CLANG_WARN_BLOCK_CAPTURE_AUTORELEASING = YES;
				CLANG_WARN_BOOL_CONVERSION = YES;
				CLANG_WARN_COMMA = YES;
				CLANG_WARN_CONSTANT_CONVERSION = YES;
				CLANG_WARN_DEPRECATED_OBJC_IMPLEMENTATIONS = YES;
				CLANG_WARN_DIRECT_OBJC_ISA_USAGE = YES_ERROR;
				CLANG_WARN_DOCUMENTATION_COMMENTS = YES;
				CLANG_WARN_EMPTY_BODY = YES;
				CLANG_WARN_ENUM_CONVERSION = YES;
				CLANG_WARN_INFINITE_RECURSION = YES;
				CLANG_WARN_INT_CONVERSION = YES;
				CLANG_WARN_NON_LITERAL_NULL_CONVERSION = YES;
				CLANG_WARN_OBJC_IMPLICIT_RETAIN_SELF = YES;
				CLANG_WARN_OBJC_LITERAL_CONVERSION = YES;
				CLANG_WARN_OBJC_ROOT_CLASS = YES_ERROR;
				CLANG_WARN_QUOTED_INCLUDE_IN_FRAMEWORK_HEADER = YES;
				CLANG_WARN_RANGE_LOOP_ANALYSIS = YES;
				CLANG_WARN_STRICT_PROTOTYPES = YES;
				CLANG_WARN_SUSPICIOUS_MOVE = YES;
				CLANG_WARN_UNGUARDED_AVAILABILITY = YES_AGGRESSIVE;
				CLANG_WARN_UNREACHABLE_CODE = YES;
				CLANG_WARN__DUPLICATE_METHOD_MATCH = YES;
				COPY_PHASE_STRIP = NO;
				DEBUG_INFORMATION_FORMAT = "dwarf-with-dsym";
				ENABLE_NS_ASSERTIONS = NO;
				ENABLE_STRICT_OBJC_MSGSEND = YES;
				GCC_C_LANGUAGE_STANDARD = gnu11;
				GCC_NO_COMMON_BLOCKS = YES;
				GCC_WARN_64_TO_32_BIT_CONVERSION = YES;
				GCC_WARN_ABOUT_RETURN_TYPE = YES_ERROR;
				GCC_WARN_UNDECLARED_SELECTOR = YES;
				GCC_WARN_UNINITIALIZED_AUTOS = YES_AGGRESSIVE;
				GCC_WARN_UNUSED_FUNCTION = YES;
				GCC_WARN_UNUSED_VARIABLE = YES;
				IPHONEOS_DEPLOYMENT_TARGET = 15.5;
				MTL_ENABLE_DEBUG_INFO = NO;
				MTL_FAST_MATH = YES;
				SDKROOT = iphoneos;
				SWIFT_COMPILATION_MODE = wholemodule;
				SWIFT_OPTIMIZATION_LEVEL = "-O";
				VALIDATE_PRODUCT = YES;
			};
			name = Release;
		};
		4DDD92E028899C43008DE81B /* Debug */ = {
			isa = XCBuildConfiguration;
			buildSettings = {
				ASSETCATALOG_COMPILER_APPICON_NAME = AppIcon;
				ASSETCATALOG_COMPILER_GLOBAL_ACCENT_COLOR_NAME = AccentColor;
				CODE_SIGN_STYLE = Automatic;
				CURRENT_PROJECT_VERSION = 1;
				DEVELOPMENT_TEAM = TK75PYXMLS;
				GENERATE_INFOPLIST_FILE = YES;
				INFOPLIST_FILE = CalculatorProjectAdvanced/Info.plist;
				INFOPLIST_KEY_UIApplicationSupportsIndirectInputEvents = YES;
				INFOPLIST_KEY_UILaunchStoryboardName = LaunchScreen;
				INFOPLIST_KEY_UIMainStoryboardFile = Main;
				INFOPLIST_KEY_UISupportedInterfaceOrientations_iPad = "UIInterfaceOrientationPortrait UIInterfaceOrientationPortraitUpsideDown UIInterfaceOrientationLandscapeLeft UIInterfaceOrientationLandscapeRight";
				INFOPLIST_KEY_UISupportedInterfaceOrientations_iPhone = "UIInterfaceOrientationPortrait UIInterfaceOrientationLandscapeLeft UIInterfaceOrientationLandscapeRight";
				LD_RUNPATH_SEARCH_PATHS = (
					"$(inherited)",
					"@executable_path/Frameworks",
				);
				MARKETING_VERSION = 1.0;
				PRODUCT_BUNDLE_IDENTIFIER = com.ProjetoCLima.CalculatorProjectAdvanced;
				PRODUCT_NAME = "$(TARGET_NAME)";
				SWIFT_EMIT_LOC_STRINGS = YES;
				SWIFT_VERSION = 5.0;
				TARGETED_DEVICE_FAMILY = "1,2";
			};
			name = Debug;
		};
		4DDD92E128899C43008DE81B /* Release */ = {
			isa = XCBuildConfiguration;
			buildSettings = {
				ASSETCATALOG_COMPILER_APPICON_NAME = AppIcon;
				ASSETCATALOG_COMPILER_GLOBAL_ACCENT_COLOR_NAME = AccentColor;
				CODE_SIGN_STYLE = Automatic;
				CURRENT_PROJECT_VERSION = 1;
				DEVELOPMENT_TEAM = TK75PYXMLS;
				GENERATE_INFOPLIST_FILE = YES;
				INFOPLIST_FILE = CalculatorProjectAdvanced/Info.plist;
				INFOPLIST_KEY_UIApplicationSupportsIndirectInputEvents = YES;
				INFOPLIST_KEY_UILaunchStoryboardName = LaunchScreen;
				INFOPLIST_KEY_UIMainStoryboardFile = Main;
				INFOPLIST_KEY_UISupportedInterfaceOrientations_iPad = "UIInterfaceOrientationPortrait UIInterfaceOrientationPortraitUpsideDown UIInterfaceOrientationLandscapeLeft UIInterfaceOrientationLandscapeRight";
				INFOPLIST_KEY_UISupportedInterfaceOrientations_iPhone = "UIInterfaceOrientationPortrait UIInterfaceOrientationLandscapeLeft UIInterfaceOrientationLandscapeRight";
				LD_RUNPATH_SEARCH_PATHS = (
					"$(inherited)",
					"@executable_path/Frameworks",
				);
				MARKETING_VERSION = 1.0;
				PRODUCT_BUNDLE_IDENTIFIER = com.ProjetoCLima.CalculatorProjectAdvanced;
				PRODUCT_NAME = "$(TARGET_NAME)";
				SWIFT_EMIT_LOC_STRINGS = YES;
				SWIFT_VERSION = 5.0;
				TARGETED_DEVICE_FAMILY = "1,2";
			};
			name = Release;
		};
/* End XCBuildConfiguration section */

/* Begin XCConfigurationList section */
		4DDD92C628899C42008DE81B /* Build configuration list for PBXProject "CalculatorProjectAdvanced" */ = {
			isa = XCConfigurationList;
			buildConfigurations = (
				4DDD92DD28899C43008DE81B /* Debug */,
				4DDD92DE28899C43008DE81B /* Release */,
			);
			defaultConfigurationIsVisible = 0;
			defaultConfigurationName = Release;
		};
		4DDD92DF28899C43008DE81B /* Build configuration list for PBXNativeTarget "CalculatorProjectAdvanced" */ = {
			isa = XCConfigurationList;
			buildConfigurations = (
				4DDD92E028899C43008DE81B /* Debug */,
				4DDD92E128899C43008DE81B /* Release */,
			);
			defaultConfigurationIsVisible = 0;
			defaultConfigurationName = Release;
		};
/* End XCConfigurationList section */
	};
	rootObject = 4DDD92C328899C42008DE81B /* Project object */;
}
